{
  "name": "aots",
  "version": "1.0.0",
  "lockfileVersion": 3,
  "requires": true,
  "packages": {
    "": {
      "name": "aots",
      "version": "1.0.0",
      "license": "ISC",
      "dependencies": {
        "type-testing": "^0.2.0"
      }
    },
    "node_modules/type-testing": {
      "version": "0.2.0",
      "resolved": "https://registry.npmjs.org/type-testing/-/type-testing-0.2.0.tgz",
      "integrity": "sha512-HAf4o9LjUAh9xEIXZTNm+ak2tjTgK64QhTlT/D8UNedII2/eagdEbtbaVK6920K7+QBrwfvxpjPGlfWVKZ+MZQ==",
      "engines": {
        "node": ">= 20.x"
      }
    }
  }
}
